// !$*UTF8*$!
{
	archiveVersion = 1;
	classes = {
	};
	objectVersion = 56;
	objects = {

/* Begin PBXBuildFile section */
		964325C929CC760E00035DF1 /* AppDelegate.swift in Sources */ = {isa = PBXBuildFile; fileRef = 964325C829CC760E00035DF1 /* AppDelegate.swift */; };
		964325CB29CC760E00035DF1 /* SceneDelegate.swift in Sources */ = {isa = PBXBuildFile; fileRef = 964325CA29CC760E00035DF1 /* SceneDelegate.swift */; };
		964325D029CC760E00035DF1 /* Main.storyboard in Resources */ = {isa = PBXBuildFile; fileRef = 964325CE29CC760E00035DF1 /* Main.storyboard */; };
		964325D229CC760F00035DF1 /* Assets.xcassets in Resources */ = {isa = PBXBuildFile; fileRef = 964325D129CC760F00035DF1 /* Assets.xcassets */; };
		964325D529CC760F00035DF1 /* LaunchScreen.storyboard in Resources */ = {isa = PBXBuildFile; fileRef = 964325D329CC760F00035DF1 /* LaunchScreen.storyboard */; };
		964325E029CC760F00035DF1 /* chatDemoTests.swift in Sources */ = {isa = PBXBuildFile; fileRef = 964325DF29CC760F00035DF1 /* chatDemoTests.swift */; };
		964325EA29CC760F00035DF1 /* chatDemoUITests.swift in Sources */ = {isa = PBXBuildFile; fileRef = 964325E929CC760F00035DF1 /* chatDemoUITests.swift */; };
		964325EC29CC760F00035DF1 /* chatDemoUITestsLaunchTests.swift in Sources */ = {isa = PBXBuildFile; fileRef = 964325EB29CC760F00035DF1 /* chatDemoUITestsLaunchTests.swift */; };
		964325F929CC764A00035DF1 /* ChatTableViewController.swift in Sources */ = {isa = PBXBuildFile; fileRef = 964325F829CC764A00035DF1 /* ChatTableViewController.swift */; };
		9643264C29CDA4DC00035DF1 /* Content.swift in Sources */ = {isa = PBXBuildFile; fileRef = 9643264B29CDA4DC00035DF1 /* Content.swift */; };
		9643264E29CDA59000035DF1 /* TeachChatTableViewCell.swift in Sources */ = {isa = PBXBuildFile; fileRef = 9643264D29CDA59000035DF1 /* TeachChatTableViewCell.swift */; };
		9643265029CDA59F00035DF1 /* AskChatTableViewCell.swift in Sources */ = {isa = PBXBuildFile; fileRef = 9643264F29CDA59F00035DF1 /* AskChatTableViewCell.swift */; };
/* End PBXBuildFile section */

/* Begin PBXContainerItemProxy section */
		964325DC29CC760F00035DF1 /* PBXContainerItemProxy */ = {
			isa = PBXContainerItemProxy;
			containerPortal = 964325BD29CC760E00035DF1 /* Project object */;
			proxyType = 1;
			remoteGlobalIDString = 964325C429CC760E00035DF1;
			remoteInfo = chatDemo;
		};
		964325E629CC760F00035DF1 /* PBXContainerItemProxy */ = {
			isa = PBXContainerItemProxy;
			containerPortal = 964325BD29CC760E00035DF1 /* Project object */;
			proxyType = 1;
			remoteGlobalIDString = 964325C429CC760E00035DF1;
			remoteInfo = chatDemo;
		};
/* End PBXContainerItemProxy section */

/* Begin PBXFileReference section */
		964325C529CC760E00035DF1 /* chatDemo.app */ = {isa = PBXFileReference; explicitFileType = wrapper.application; includeInIndex = 0; path = chatDemo.app; sourceTree = BUILT_PRODUCTS_DIR; };
		964325C829CC760E00035DF1 /* AppDelegate.swift */ = {isa = PBXFileReference; lastKnownFileType = sourcecode.swift; path = AppDelegate.swift; sourceTree = "<group>"; };
		964325CA29CC760E00035DF1 /* SceneDelegate.swift */ = {isa = PBXFileReference; lastKnownFileType = sourcecode.swift; path = SceneDelegate.swift; sourceTree = "<group>"; };
		964325CF29CC760E00035DF1 /* Base */ = {isa = PBXFileReference; lastKnownFileType = file.storyboard; name = Base; path = Base.lproj/Main.storyboard; sourceTree = "<group>"; };
		964325D129CC760F00035DF1 /* Assets.xcassets */ = {isa = PBXFileReference; lastKnownFileType = folder.assetcatalog; path = Assets.xcassets; sourceTree = "<group>"; };
		964325D429CC760F00035DF1 /* Base */ = {isa = PBXFileReference; lastKnownFileType = file.storyboard; name = Base; path = Base.lproj/LaunchScreen.storyboard; sourceTree = "<group>"; };
		964325D629CC760F00035DF1 /* Info.plist */ = {isa = PBXFileReference; lastKnownFileType = text.plist.xml; path = Info.plist; sourceTree = "<group>"; };
		964325DB29CC760F00035DF1 /* chatDemoTests.xctest */ = {isa = PBXFileReference; explicitFileType = wrapper.cfbundle; includeInIndex = 0; path = chatDemoTests.xctest; sourceTree = BUILT_PRODUCTS_DIR; };
		964325DF29CC760F00035DF1 /* chatDemoTests.swift */ = {isa = PBXFileReference; lastKnownFileType = sourcecode.swift; path = chatDemoTests.swift; sourceTree = "<group>"; };
		964325E529CC760F00035DF1 /* chatDemoUITests.xctest */ = {isa = PBXFileReference; explicitFileType = wrapper.cfbundle; includeInIndex = 0; path = chatDemoUITests.xctest; sourceTree = BUILT_PRODUCTS_DIR; };
		964325E929CC760F00035DF1 /* chatDemoUITests.swift */ = {isa = PBXFileReference; lastKnownFileType = sourcecode.swift; path = chatDemoUITests.swift; sourceTree = "<group>"; };
		964325EB29CC760F00035DF1 /* chatDemoUITestsLaunchTests.swift */ = {isa = PBXFileReference; lastKnownFileType = sourcecode.swift; path = chatDemoUITestsLaunchTests.swift; sourceTree = "<group>"; };
		964325F829CC764A00035DF1 /* ChatTableViewController.swift */ = {isa = PBXFileReference; lastKnownFileType = sourcecode.swift; path = ChatTableViewController.swift; sourceTree = "<group>"; };
		9643264B29CDA4DC00035DF1 /* Content.swift */ = {isa = PBXFileReference; lastKnownFileType = sourcecode.swift; path = Content.swift; sourceTree = "<group>"; };
		9643264D29CDA59000035DF1 /* TeachChatTableViewCell.swift */ = {isa = PBXFileReference; lastKnownFileType = sourcecode.swift; path = TeachChatTableViewCell.swift; sourceTree = "<group>"; };
		9643264F29CDA59F00035DF1 /* AskChatTableViewCell.swift */ = {isa = PBXFileReference; lastKnownFileType = sourcecode.swift; path = AskChatTableViewCell.swift; sourceTree = "<group>"; };
/* End PBXFileReference section */

/* Begin PBXFrameworksBuildPhase section */
		964325C229CC760E00035DF1 /* Frameworks */ = {
			isa = PBXFrameworksBuildPhase;
			buildActionMask = 2147483647;
			files = (
			);
			runOnlyForDeploymentPostprocessing = 0;
		};
		964325D829CC760F00035DF1 /* Frameworks */ = {
			isa = PBXFrameworksBuildPhase;
			buildActionMask = 2147483647;
			files = (
			);
			runOnlyForDeploymentPostprocessing = 0;
		};
		964325E229CC760F00035DF1 /* Frameworks */ = {
			isa = PBXFrameworksBuildPhase;
			buildActionMask = 2147483647;
			files = (
			);
			runOnlyForDeploymentPostprocessing = 0;
		};
/* End PBXFrameworksBuildPhase section */

/* Begin PBXGroup section */
		964325BC29CC760E00035DF1 = {
			isa = PBXGroup;
			children = (
				964325C729CC760E00035DF1 /* chatDemo */,
				9643265129CDA65B00035DF1 /* Model */,
				9643265329CDA68300035DF1 /* View */,
				9643265229CDA66900035DF1 /* ViewController */,
				964325DE29CC760F00035DF1 /* chatDemoTests */,
				964325E829CC760F00035DF1 /* chatDemoUITests */,
				964325C629CC760E00035DF1 /* Products */,
			);
			sourceTree = "<group>";
		};
		964325C629CC760E00035DF1 /* Products */ = {
			isa = PBXGroup;
			children = (
				964325C529CC760E00035DF1 /* chatDemo.app */,
				964325DB29CC760F00035DF1 /* chatDemoTests.xctest */,
				964325E529CC760F00035DF1 /* chatDemoUITests.xctest */,
			);
			name = Products;
			sourceTree = "<group>";
		};
		964325C729CC760E00035DF1 /* chatDemo */ = {
			isa = PBXGroup;
			children = (
				964325C829CC760E00035DF1 /* AppDelegate.swift */,
				964325CA29CC760E00035DF1 /* SceneDelegate.swift */,
				964325CE29CC760E00035DF1 /* Main.storyboard */,
				964325D129CC760F00035DF1 /* Assets.xcassets */,
				964325D329CC760F00035DF1 /* LaunchScreen.storyboard */,
				964325D629CC760F00035DF1 /* Info.plist */,
			);
			path = chatDemo;
			sourceTree = "<group>";
		};
		964325DE29CC760F00035DF1 /* chatDemoTests */ = {
			isa = PBXGroup;
			children = (
				964325DF29CC760F00035DF1 /* chatDemoTests.swift */,
			);
			path = chatDemoTests;
			sourceTree = "<group>";
		};
		964325E829CC760F00035DF1 /* chatDemoUITests */ = {
			isa = PBXGroup;
			children = (
				964325E929CC760F00035DF1 /* chatDemoUITests.swift */,
				964325EB29CC760F00035DF1 /* chatDemoUITestsLaunchTests.swift */,
			);
			path = chatDemoUITests;
			sourceTree = "<group>";
		};
		9643265129CDA65B00035DF1 /* Model */ = {
			isa = PBXGroup;
			children = (
				9643264B29CDA4DC00035DF1 /* Content.swift */,
			);
			path = Model;
			sourceTree = "<group>";
		};
		9643265229CDA66900035DF1 /* ViewController */ = {
			isa = PBXGroup;
			children = (
				964325F829CC764A00035DF1 /* ChatTableViewController.swift */,
			);
			path = ViewController;
			sourceTree = "<group>";
		};
		9643265329CDA68300035DF1 /* View */ = {
			isa = PBXGroup;
			children = (
				9643264D29CDA59000035DF1 /* TeachChatTableViewCell.swift */,
				9643264F29CDA59F00035DF1 /* AskChatTableViewCell.swift */,
			);
			path = View;
			sourceTree = "<group>";
		};
/* End PBXGroup section */

/* Begin PBXNativeTarget section */
		964325C429CC760E00035DF1 /* chatDemo */ = {
			isa = PBXNativeTarget;
			buildConfigurationList = 964325EF29CC760F00035DF1 /* Build configuration list for PBXNativeTarget "chatDemo" */;
			buildPhases = (
				964325C129CC760E00035DF1 /* Sources */,
				964325C229CC760E00035DF1 /* Frameworks */,
				964325C329CC760E00035DF1 /* Resources */,
			);
			buildRules = (
			);
			dependencies = (
			);
			name = chatDemo;
			productName = chatDemo;
			productReference = 964325C529CC760E00035DF1 /* chatDemo.app */;
			productType = "com.apple.product-type.application";
		};
		964325DA29CC760F00035DF1 /* chatDemoTests */ = {
			isa = PBXNativeTarget;
			buildConfigurationList = 964325F229CC760F00035DF1 /* Build configuration list for PBXNativeTarget "chatDemoTests" */;
			buildPhases = (
				964325D729CC760F00035DF1 /* Sources */,
				964325D829CC760F00035DF1 /* Frameworks */,
				964325D929CC760F00035DF1 /* Resources */,
			);
			buildRules = (
			);
			dependencies = (
				964325DD29CC760F00035DF1 /* PBXTargetDependency */,
			);
			name = chatDemoTests;
			productName = chatDemoTests;
			productReference = 964325DB29CC760F00035DF1 /* chatDemoTests.xctest */;
			productType = "com.apple.product-type.bundle.unit-test";
		};
		964325E429CC760F00035DF1 /* chatDemoUITests */ = {
			isa = PBXNativeTarget;
			buildConfigurationList = 964325F529CC760F00035DF1 /* Build configuration list for PBXNativeTarget "chatDemoUITests" */;
			buildPhases = (
				964325E129CC760F00035DF1 /* Sources */,
				964325E229CC760F00035DF1 /* Frameworks */,
				964325E329CC760F00035DF1 /* Resources */,
			);
			buildRules = (
			);
			dependencies = (
				964325E729CC760F00035DF1 /* PBXTargetDependency */,
			);
			name = chatDemoUITests;
			productName = chatDemoUITests;
			productReference = 964325E529CC760F00035DF1 /* chatDemoUITests.xctest */;
			productType = "com.apple.product-type.bundle.ui-testing";
		};
/* End PBXNativeTarget section */

/* Begin PBXProject section */
		964325BD29CC760E00035DF1 /* Project object */ = {
			isa = PBXProject;
			attributes = {
				BuildIndependentTargetsInParallel = 1;
				LastSwiftUpdateCheck = 1420;
				LastUpgradeCheck = 1420;
				TargetAttributes = {
					964325C429CC760E00035DF1 = {
						CreatedOnToolsVersion = 14.2;
					};
					964325DA29CC760F00035DF1 = {
						CreatedOnToolsVersion = 14.2;
						TestTargetID = 964325C429CC760E00035DF1;
					};
					964325E429CC760F00035DF1 = {
						CreatedOnToolsVersion = 14.2;
						TestTargetID = 964325C429CC760E00035DF1;
					};
				};
			};
			buildConfigurationList = 964325C029CC760E00035DF1 /* Build configuration list for PBXProject "chatDemo" */;
			compatibilityVersion = "Xcode 14.0";
			developmentRegion = en;
			hasScannedForEncodings = 0;
			knownRegions = (
				en,
				Base,
			);
			mainGroup = 964325BC29CC760E00035DF1;
			productRefGroup = 964325C629CC760E00035DF1 /* Products */;
			projectDirPath = "";
			projectRoot = "";
			targets = (
				964325C429CC760E00035DF1 /* chatDemo */,
				964325DA29CC760F00035DF1 /* chatDemoTests */,
				964325E429CC760F00035DF1 /* chatDemoUITests */,
			);
		};
/* End PBXProject section */

/* Begin PBXResourcesBuildPhase section */
		964325C329CC760E00035DF1 /* Resources */ = {
			isa = PBXResourcesBuildPhase;
			buildActionMask = 2147483647;
			files = (
				964325D529CC760F00035DF1 /* LaunchScreen.storyboard in Resources */,
				964325D229CC760F00035DF1 /* Assets.xcassets in Resources */,
				964325D029CC760E00035DF1 /* Main.storyboard in Resources */,
			);
			runOnlyForDeploymentPostprocessing = 0;
		};
		964325D929CC760F00035DF1 /* Resources */ = {
			isa = PBXResourcesBuildPhase;
			buildActionMask = 2147483647;
			files = (
			);
			runOnlyForDeploymentPostprocessing = 0;
		};
		964325E329CC760F00035DF1 /* Resources */ = {
			isa = PBXResourcesBuildPhase;
			buildActionMask = 2147483647;
			files = (
			);
			runOnlyForDeploymentPostprocessing = 0;
		};
/* End PBXResourcesBuildPhase section */

/* Begin PBXSourcesBuildPhase section */
		964325C129CC760E00035DF1 /* Sources */ = {
			isa = PBXSourcesBuildPhase;
			buildActionMask = 2147483647;
			files = (
				964325C929CC760E00035DF1 /* AppDelegate.swift in Sources */,
				9643265029CDA59F00035DF1 /* AskChatTableViewCell.swift in Sources */,
				9643264C29CDA4DC00035DF1 /* Content.swift in Sources */,
				9643264E29CDA59000035DF1 /* TeachChatTableViewCell.swift in Sources */,
				964325CB29CC760E00035DF1 /* SceneDelegate.swift in Sources */,
				964325F929CC764A00035DF1 /* ChatTableViewController.swift in Sources */,
			);
			runOnlyForDeploymentPostprocessing = 0;
		};
		964325D729CC760F00035DF1 /* Sources */ = {
			isa = PBXSourcesBuildPhase;
			buildActionMask = 2147483647;
			files = (
				964325E029CC760F00035DF1 /* chatDemoTests.swift in Sources */,
			);
			runOnlyForDeploymentPostprocessing = 0;
		};
		964325E129CC760F00035DF1 /* Sources */ = {
			isa = PBXSourcesBuildPhase;
			buildActionMask = 2147483647;
			files = (
				964325EC29CC760F00035DF1 /* chatDemoUITestsLaunchTests.swift in Sources */,
				964325EA29CC760F00035DF1 /* chatDemoUITests.swift in Sources */,
			);
			runOnlyForDeploymentPostprocessing = 0;
		};
/* End PBXSourcesBuildPhase section */

/* Begin PBXTargetDependency section */
		964325DD29CC760F00035DF1 /* PBXTargetDependency */ = {
			isa = PBXTargetDependency;
			target = 964325C429CC760E00035DF1 /* chatDemo */;
			targetProxy = 964325DC29CC760F00035DF1 /* PBXContainerItemProxy */;
		};
		964325E729CC760F00035DF1 /* PBXTargetDependency */ = {
			isa = PBXTargetDependency;
			target = 964325C429CC760E00035DF1 /* chatDemo */;
			targetProxy = 964325E629CC760F00035DF1 /* PBXContainerItemProxy */;
		};
/* End PBXTargetDependency section */

/* Begin PBXVariantGroup section */
		964325CE29CC760E00035DF1 /* Main.storyboard */ = {
			isa = PBXVariantGroup;
			children = (
				964325CF29CC760E00035DF1 /* Base */,
			);
			name = Main.storyboard;
			sourceTree = "<group>";
		};
		964325D329CC760F00035DF1 /* LaunchScreen.storyboard */ = {
			isa = PBXVariantGroup;
			children = (
				964325D429CC760F00035DF1 /* Base */,
			);
			name = LaunchScreen.storyboard;
			sourceTree = "<group>";
		};
/* End PBXVariantGroup section */

/* Begin XCBuildConfiguration section */
		964325ED29CC760F00035DF1 /* Debug */ = {
			isa = XCBuildConfiguration;
			buildSettings = {
				ALWAYS_SEARCH_USER_PATHS = NO;
				CLANG_ANALYZER_NONNULL = YES;
				CLANG_ANALYZER_NUMBER_OBJECT_CONVERSION = YES_AGGRESSIVE;
				CLANG_CXX_LANGUAGE_STANDARD = "gnu++20";
				CLANG_ENABLE_MODULES = YES;
				CLANG_ENABLE_OBJC_ARC = YES;
				CLANG_ENABLE_OBJC_WEAK = YES;
				CLANG_WARN_BLOCK_CAPTURE_AUTORELEASING = YES;
				CLANG_WARN_BOOL_CONVERSION = YES;
				CLANG_WARN_COMMA = YES;
				CLANG_WARN_CONSTANT_CONVERSION = YES;
				CLANG_WARN_DEPRECATED_OBJC_IMPLEMENTATIONS = YES;
				CLANG_WARN_DIRECT_OBJC_ISA_USAGE = YES_ERROR;
				CLANG_WARN_DOCUMENTATION_COMMENTS = YES;
				CLANG_WARN_EMPTY_BODY = YES;
				CLANG_WARN_ENUM_CONVERSION = YES;
				CLANG_WARN_INFINITE_RECURSION = YES;
				CLANG_WARN_INT_CONVERSION = YES;
				CLANG_WARN_NON_LITERAL_NULL_CONVERSION = YES;
				CLANG_WARN_OBJC_IMPLICIT_RETAIN_SELF = YES;
				CLANG_WARN_OBJC_LITERAL_CONVERSION = YES;
				CLANG_WARN_OBJC_ROOT_CLASS = YES_ERROR;
				CLANG_WARN_QUOTED_INCLUDE_IN_FRAMEWORK_HEADER = YES;
				CLANG_WARN_RANGE_LOOP_ANALYSIS = YES;
				CLANG_WARN_STRICT_PROTOTYPES = YES;
				CLANG_WARN_SUSPICIOUS_MOVE = YES;
				CLANG_WARN_UNGUARDED_AVAILABILITY = YES_AGGRESSIVE;
				CLANG_WARN_UNREACHABLE_CODE = YES;
				CLANG_WARN__DUPLICATE_METHOD_MATCH = YES;
				COPY_PHASE_STRIP = NO;
				DEBUG_INFORMATION_FORMAT = dwarf;
				ENABLE_STRICT_OBJC_MSGSEND = YES;
				ENABLE_TESTABILITY = YES;
				GCC_C_LANGUAGE_STANDARD = gnu11;
				GCC_DYNAMIC_NO_PIC = NO;
				GCC_NO_COMMON_BLOCKS = YES;
				GCC_OPTIMIZATION_LEVEL = 0;
				GCC_PREPROCESSOR_DEFINITIONS = (
					"DEBUG=1",
					"$(inherited)",
				);
				GCC_WARN_64_TO_32_BIT_CONVERSION = YES;
				GCC_WARN_ABOUT_RETURN_TYPE = YES_ERROR;
				GCC_WARN_UNDECLARED_SELECTOR = YES;
				GCC_WARN_UNINITIALIZED_AUTOS = YES_AGGRESSIVE;
				GCC_WARN_UNUSED_FUNCTION = YES;
				GCC_WARN_UNUSED_VARIABLE = YES;
				IPHONEOS_DEPLOYMENT_TARGET = 16.2;
				MTL_ENABLE_DEBUG_INFO = INCLUDE_SOURCE;
				MTL_FAST_MATH = YES;
				ONLY_ACTIVE_ARCH = YES;
				SDKROOT = iphoneos;
				SWIFT_ACTIVE_COMPILATION_CONDITIONS = DEBUG;
				SWIFT_OPTIMIZATION_LEVEL = "-Onone";
			};
			name = Debug;
		};
		964325EE29CC760F00035DF1 /* Release */ = {
			isa = XCBuildConfiguration;
			buildSettings = {
				ALWAYS_SEARCH_USER_PATHS = NO;
				CLANG_ANALYZER_NONNULL = YES;
				CLANG_ANALYZER_NUMBER_OBJECT_CONVERSION = YES_AGGRESSIVE;
				CLANG_CXX_LANGUAGE_STANDARD = "gnu++20";
				CLANG_ENABLE_MODULES = YES;
				CLANG_ENABLE_OBJC_ARC = YES;
				CLANG_ENABLE_OBJC_WEAK = YES;
				CLANG_WARN_BLOCK_CAPTURE_AUTORELEASING = YES;
				CLANG_WARN_BOOL_CONVERSION = YES;
				CLANG_WARN_COMMA = YES;
				CLANG_WARN_CONSTANT_CONVERSION = YES;
				CLANG_WARN_DEPRECATED_OBJC_IMPLEMENTATIONS = YES;
				CLANG_WARN_DIRECT_OBJC_ISA_USAGE = YES_ERROR;
				CLANG_WARN_DOCUMENTATION_COMMENTS = YES;
				CLANG_WARN_EMPTY_BODY = YES;
				CLANG_WARN_ENUM_CONVERSION = YES;
				CLANG_WARN_INFINITE_RECURSION = YES;
				CLANG_WARN_INT_CONVERSION = YES;
				CLANG_WARN_NON_LITERAL_NULL_CONVERSION = YES;
				CLANG_WARN_OBJC_IMPLICIT_RETAIN_SELF = YES;
				CLANG_WARN_OBJC_LITERAL_CONVERSION = YES;
				CLANG_WARN_OBJC_ROOT_CLASS = YES_ERROR;
				CLANG_WARN_QUOTED_INCLUDE_IN_FRAMEWORK_HEADER = YES;
				CLANG_WARN_RANGE_LOOP_ANALYSIS = YES;
				CLANG_WARN_STRICT_PROTOTYPES = YES;
				CLANG_WARN_SUSPICIOUS_MOVE = YES;
				CLANG_WARN_UNGUARDED_AVAILABILITY = YES_AGGRESSIVE;
				CLANG_WARN_UNREACHABLE_CODE = YES;
				CLANG_WARN__DUPLICATE_METHOD_MATCH = YES;
				COPY_PHASE_STRIP = NO;
				DEBUG_INFORMATION_FORMAT = "dwarf-with-dsym";
				ENABLE_NS_ASSERTIONS = NO;
				ENABLE_STRICT_OBJC_MSGSEND = YES;
				GCC_C_LANGUAGE_STANDARD = gnu11;
				GCC_NO_COMMON_BLOCKS = YES;
				GCC_WARN_64_TO_32_BIT_CONVERSION = YES;
				GCC_WARN_ABOUT_RETURN_TYPE = YES_ERROR;
				GCC_WARN_UNDECLARED_SELECTOR = YES;
				GCC_WARN_UNINITIALIZED_AUTOS = YES_AGGRESSIVE;
				GCC_WARN_UNUSED_FUNCTION = YES;
				GCC_WARN_UNUSED_VARIABLE = YES;
				IPHONEOS_DEPLOYMENT_TARGET = 16.2;
				MTL_ENABLE_DEBUG_INFO = NO;
				MTL_FAST_MATH = YES;
				SDKROOT = iphoneos;
				SWIFT_COMPILATION_MODE = wholemodule;
				SWIFT_OPTIMIZATION_LEVEL = "-O";
				VALIDATE_PRODUCT = YES;
			};
			name = Release;
		};
		964325F029CC760F00035DF1 /* Debug */ = {
			isa = XCBuildConfiguration;
			buildSettings = {
				ASSETCATALOG_COMPILER_APPICON_NAME = AppIcon;
				ASSETCATALOG_COMPILER_GLOBAL_ACCENT_COLOR_NAME = AccentColor;
				CODE_SIGN_STYLE = Automatic;
				CURRENT_PROJECT_VERSION = 1;
				GENERATE_INFOPLIST_FILE = YES;
				INFOPLIST_FILE = chatDemo/Info.plist;
				INFOPLIST_KEY_UIApplicationSupportsIndirectInputEvents = YES;
				INFOPLIST_KEY_UILaunchStoryboardName = LaunchScreen;
				INFOPLIST_KEY_UIMainStoryboardFile = Main;
				INFOPLIST_KEY_UISupportedInterfaceOrientations_iPad = "UIInterfaceOrientationPortrait UIInterfaceOrientationPortraitUpsideDown UIInterfaceOrientationLandscapeLeft UIInterfaceOrientationLandscapeRight";
				INFOPLIST_KEY_UISupportedInterfaceOrientations_iPhone = "UIInterfaceOrientationPortrait UIInterfaceOrientationLandscapeLeft UIInterfaceOrientationLandscapeRight";
				LD_RUNPATH_SEARCH_PATHS = (
					"$(inherited)",
					"@executable_path/Frameworks",
				);
				MARKETING_VERSION = 1.0;
				PRODUCT_BUNDLE_IDENTIFIER = com.jason.chatDemo;
				PRODUCT_NAME = "$(TARGET_NAME)";
				SWIFT_EMIT_LOC_STRINGS = YES;
				SWIFT_VERSION = 5.0;
				TARGETED_DEVICE_FAMILY = "1,2";
			};
			name = Debug;
		};
		964325F129CC760F00035DF1 /* Release */ = {
			isa = XCBuildConfiguration;
			buildSettings = {
				ASSETCATALOG_COMPILER_APPICON_NAME = AppIcon;
				ASSETCATALOG_COMPILER_GLOBAL_ACCENT_COLOR_NAME = AccentColor;
				CODE_SIGN_STYLE = Automatic;
				CURRENT_PROJECT_VERSION = 1;
				GENERATE_INFOPLIST_FILE = YES;
				INFOPLIST_FILE = chatDemo/Info.plist;
				INFOPLIST_KEY_UIApplicationSupportsIndirectInputEvents = YES;
				INFOPLIST_KEY_UILaunchStoryboardName = LaunchScreen;
				INFOPLIST_KEY_UIMainStoryboardFile = Main;
				INFOPLIST_KEY_UISupportedInterfaceOrientations_iPad = "UIInterfaceOrientationPortrait UIInterfaceOrientationPortraitUpsideDown UIInterfaceOrientationLandscapeLeft UIInterfaceOrientationLandscapeRight";
				INFOPLIST_KEY_UISupportedInterfaceOrientations_iPhone = "UIInterfaceOrientationPortrait UIInterfaceOrientationLandscapeLeft UIInterfaceOrientationLandscapeRight";
				LD_RUNPATH_SEARCH_PATHS = (
					"$(inherited)",
					"@executable_path/Frameworks",
				);
				MARKETING_VERSION = 1.0;
				PRODUCT_BUNDLE_IDENTIFIER = com.jason.chatDemo;
				PRODUCT_NAME = "$(TARGET_NAME)";
				SWIFT_EMIT_LOC_STRINGS = YES;
				SWIFT_VERSION = 5.0;
				TARGETED_DEVICE_FAMILY = "1,2";
			};
			name = Release;
		};
		964325F329CC760F00035DF1 /* Debug */ = {
			isa = XCBuildConfiguration;
			buildSettings = {
				ALWAYS_EMBED_SWIFT_STANDARD_LIBRARIES = YES;
				BUNDLE_LOADER = "$(TEST_HOST)";
				CODE_SIGN_STYLE = Automatic;
				CURRENT_PROJECT_VERSION = 1;
				GENERATE_INFOPLIST_FILE = YES;
				IPHONEOS_DEPLOYMENT_TARGET = 16.2;
				MARKETING_VERSION = 1.0;
				PRODUCT_BUNDLE_IDENTIFIER = com.jason.chatDemoTests;
				PRODUCT_NAME = "$(TARGET_NAME)";
				SWIFT_EMIT_LOC_STRINGS = NO;
				SWIFT_VERSION = 5.0;
				TARGETED_DEVICE_FAMILY = "1,2";
				TEST_HOST = "$(BUILT_PRODUCTS_DIR)/chatDemo.app/$(BUNDLE_EXECUTABLE_FOLDER_PATH)/chatDemo";
			};
			name = Debug;
		};
		964325F429CC760F00035DF1 /* Release */ = {
			isa = XCBuildConfiguration;
			buildSettings = {
				ALWAYS_EMBED_SWIFT_STANDARD_LIBRARIES = YES;
				BUNDLE_LOADER = "$(TEST_HOST)";
				CODE_SIGN_STYLE = Automatic;
				CURRENT_PROJECT_VERSION = 1;
				GENERATE_INFOPLIST_FILE = YES;
				IPHONEOS_DEPLOYMENT_TARGET = 16.2;
				MARKETING_VERSION = 1.0;
				PRODUCT_BUNDLE_IDENTIFIER = com.jason.chatDemoTests;
				PRODUCT_NAME = "$(TARGET_NAME)";
				SWIFT_EMIT_LOC_STRINGS = NO;
				SWIFT_VERSION = 5.0;
				TARGETED_DEVICE_FAMILY = "1,2";
				TEST_HOST = "$(BUILT_PRODUCTS_DIR)/chatDemo.app/$(BUNDLE_EXECUTABLE_FOLDER_PATH)/chatDemo";
			};
			name = Release;
		};
		964325F629CC760F00035DF1 /* Debug */ = {
			isa = XCBuildConfiguration;
			buildSettings = {
				ALWAYS_EMBED_SWIFT_STANDARD_LIBRARIES = YES;
				CODE_SIGN_STYLE = Automatic;
				CURRENT_PROJECT_VERSION = 1;
				GENERATE_INFOPLIST_FILE = YES;
				MARKETING_VERSION = 1.0;
				PRODUCT_BUNDLE_IDENTIFIER = com.jason.chatDemoUITests;
				PRODUCT_NAME = "$(TARGET_NAME)";
				SWIFT_EMIT_LOC_STRINGS = NO;
				SWIFT_VERSION = 5.0;
				TARGETED_DEVICE_FAMILY = "1,2";
				TEST_TARGET_NAME = chatDemo;
			};
			name = Debug;
		};
		964325F729CC760F00035DF1 /* Release */ = {
			isa = XCBuildConfiguration;
			buildSettings = {
				ALWAYS_EMBED_SWIFT_STANDARD_LIBRARIES = YES;
				CODE_SIGN_STYLE = Automatic;
				CURRENT_PROJECT_VERSION = 1;
				GENERATE_INFOPLIST_FILE = YES;
				MARKETING_VERSION = 1.0;
				PRODUCT_BUNDLE_IDENTIFIER = com.jason.chatDemoUITests;
				PRODUCT_NAME = "$(TARGET_NAME)";
				SWIFT_EMIT_LOC_STRINGS = NO;
				SWIFT_VERSION = 5.0;
				TARGETED_DEVICE_FAMILY = "1,2";
				TEST_TARGET_NAME = chatDemo;
			};
			name = Release;
		};
/* End XCBuildConfiguration section */

/* Begin XCConfigurationList section */
		964325C029CC760E00035DF1 /* Build configuration list for PBXProject "chatDemo" */ = {
			isa = XCConfigurationList;
			buildConfigurations = (
				964325ED29CC760F00035DF1 /* Debug */,
				964325EE29CC760F00035DF1 /* Release */,
			);
			defaultConfigurationIsVisible = 0;
			defaultConfigurationName = Release;
		};
		964325EF29CC760F00035DF1 /* Build configuration list for PBXNativeTarget "chatDemo" */ = {
			isa = XCConfigurationList;
			buildConfigurations = (
				964325F029CC760F00035DF1 /* Debug */,
				964325F129CC760F00035DF1 /* Release */,
			);
			defaultConfigurationIsVisible = 0;
			defaultConfigurationName = Release;
		};
		964325F229CC760F00035DF1 /* Build configuration list for PBXNativeTarget "chatDemoTests" */ = {
			isa = XCConfigurationList;
			buildConfigurations = (
				964325F329CC760F00035DF1 /* Debug */,
				964325F429CC760F00035DF1 /* Release */,
			);
			defaultConfigurationIsVisible = 0;
			defaultConfigurationName = Release;
		};
		964325F529CC760F00035DF1 /* Build configuration list for PBXNativeTarget "chatDemoUITests" */ = {
			isa = XCConfigurationList;
			buildConfigurations = (
				964325F629CC760F00035DF1 /* Debug */,
				964325F729CC760F00035DF1 /* Release */,
			);
			defaultConfigurationIsVisible = 0;
			defaultConfigurationName = Release;
		};
/* End XCConfigurationList section */
	};
	rootObject = 964325BD29CC760E00035DF1 /* Project object */;
}
